// !$*UTF8*$!
{
	archiveVersion = 1;
	classes = {
	};
	objectVersion = 56;
	objects = {

/* Begin PBXBuildFile section */
		4581CD262A3F1DAB0059FBC6 /* UIKitAutoLayoutApp.swift in Sources */ = {isa = PBXBuildFile; fileRef = 4581CD252A3F1DAB0059FBC6 /* UIKitAutoLayoutApp.swift */; };
		4581CD282A3F1DAB0059FBC6 /* ContentView.swift in Sources */ = {isa = PBXBuildFile; fileRef = 4581CD272A3F1DAB0059FBC6 /* ContentView.swift */; };
		4581CD2A2A3F1DAE0059FBC6 /* Assets.xcassets in Resources */ = {isa = PBXBuildFile; fileRef = 4581CD292A3F1DAE0059FBC6 /* Assets.xcassets */; };
		4581CD2E2A3F1DAE0059FBC6 /* Preview Assets.xcassets in Resources */ = {isa = PBXBuildFile; fileRef = 4581CD2D2A3F1DAE0059FBC6 /* Preview Assets.xcassets */; };
		4581CD382A3F1DAE0059FBC6 /* UIKitAutoLayoutTests.swift in Sources */ = {isa = PBXBuildFile; fileRef = 4581CD372A3F1DAE0059FBC6 /* UIKitAutoLayoutTests.swift */; };
		4581CD422A3F1DAE0059FBC6 /* UIKitAutoLayoutUITests.swift in Sources */ = {isa = PBXBuildFile; fileRef = 4581CD412A3F1DAE0059FBC6 /* UIKitAutoLayoutUITests.swift */; };
		4581CD442A3F1DAE0059FBC6 /* UIKitAutoLayoutUITestsLaunchTests.swift in Sources */ = {isa = PBXBuildFile; fileRef = 4581CD432A3F1DAE0059FBC6 /* UIKitAutoLayoutUITestsLaunchTests.swift */; };
		4581CD552A3F1E050059FBC6 /* SFPRODISPLAYREGULAR.OTF in Resources */ = {isa = PBXBuildFile; fileRef = 4581CD512A3F1E030059FBC6 /* SFPRODISPLAYREGULAR.OTF */; };
		4581CD562A3F1E050059FBC6 /* SFPRODISPLAYSEMIBOLDITALIC.OTF in Resources */ = {isa = PBXBuildFile; fileRef = 4581CD522A3F1E040059FBC6 /* SFPRODISPLAYSEMIBOLDITALIC.OTF */; };
		4581CD572A3F1E050059FBC6 /* SFPRODISPLAYBOLD.OTF in Resources */ = {isa = PBXBuildFile; fileRef = 4581CD532A3F1E040059FBC6 /* SFPRODISPLAYBOLD.OTF */; };
		4581CD582A3F1E050059FBC6 /* SFPRODISPLAYMEDIUM.OTF in Resources */ = {isa = PBXBuildFile; fileRef = 4581CD542A3F1E050059FBC6 /* SFPRODISPLAYMEDIUM.OTF */; };
/* End PBXBuildFile section */

/* Begin PBXContainerItemProxy section */
		4581CD342A3F1DAE0059FBC6 /* PBXContainerItemProxy */ = {
			isa = PBXContainerItemProxy;
			containerPortal = 4581CD1A2A3F1DAB0059FBC6 /* Project object */;
			proxyType = 1;
			remoteGlobalIDString = 4581CD212A3F1DAB0059FBC6;
			remoteInfo = UIKitAutoLayout;
		};
		4581CD3E2A3F1DAE0059FBC6 /* PBXContainerItemProxy */ = {
			isa = PBXContainerItemProxy;
			containerPortal = 4581CD1A2A3F1DAB0059FBC6 /* Project object */;
			proxyType = 1;
			remoteGlobalIDString = 4581CD212A3F1DAB0059FBC6;
			remoteInfo = UIKitAutoLayout;
		};
/* End PBXContainerItemProxy section */

/* Begin PBXFileReference section */
		4581CD222A3F1DAB0059FBC6 /* UIKitAutoLayout.app */ = {isa = PBXFileReference; explicitFileType = wrapper.application; includeInIndex = 0; path = UIKitAutoLayout.app; sourceTree = BUILT_PRODUCTS_DIR; };
		4581CD252A3F1DAB0059FBC6 /* UIKitAutoLayoutApp.swift */ = {isa = PBXFileReference; lastKnownFileType = sourcecode.swift; path = UIKitAutoLayoutApp.swift; sourceTree = "<group>"; };
		4581CD272A3F1DAB0059FBC6 /* ContentView.swift */ = {isa = PBXFileReference; lastKnownFileType = sourcecode.swift; path = ContentView.swift; sourceTree = "<group>"; };
		4581CD292A3F1DAE0059FBC6 /* Assets.xcassets */ = {isa = PBXFileReference; lastKnownFileType = folder.assetcatalog; path = Assets.xcassets; sourceTree = "<group>"; };
		4581CD2B2A3F1DAE0059FBC6 /* UIKitAutoLayout.entitlements */ = {isa = PBXFileReference; lastKnownFileType = text.plist.entitlements; path = UIKitAutoLayout.entitlements; sourceTree = "<group>"; };
		4581CD2D2A3F1DAE0059FBC6 /* Preview Assets.xcassets */ = {isa = PBXFileReference; lastKnownFileType = folder.assetcatalog; path = "Preview Assets.xcassets"; sourceTree = "<group>"; };
		4581CD332A3F1DAE0059FBC6 /* UIKitAutoLayoutTests.xctest */ = {isa = PBXFileReference; explicitFileType = wrapper.cfbundle; includeInIndex = 0; path = UIKitAutoLayoutTests.xctest; sourceTree = BUILT_PRODUCTS_DIR; };
		4581CD372A3F1DAE0059FBC6 /* UIKitAutoLayoutTests.swift */ = {isa = PBXFileReference; lastKnownFileType = sourcecode.swift; path = UIKitAutoLayoutTests.swift; sourceTree = "<group>"; };
		4581CD3D2A3F1DAE0059FBC6 /* UIKitAutoLayoutUITests.xctest */ = {isa = PBXFileReference; explicitFileType = wrapper.cfbundle; includeInIndex = 0; path = UIKitAutoLayoutUITests.xctest; sourceTree = BUILT_PRODUCTS_DIR; };
		4581CD412A3F1DAE0059FBC6 /* UIKitAutoLayoutUITests.swift */ = {isa = PBXFileReference; lastKnownFileType = sourcecode.swift; path = UIKitAutoLayoutUITests.swift; sourceTree = "<group>"; };
		4581CD432A3F1DAE0059FBC6 /* UIKitAutoLayoutUITestsLaunchTests.swift */ = {isa = PBXFileReference; lastKnownFileType = sourcecode.swift; path = UIKitAutoLayoutUITestsLaunchTests.swift; sourceTree = "<group>"; };
		4581CD512A3F1E030059FBC6 /* SFPRODISPLAYREGULAR.OTF */ = {isa = PBXFileReference; lastKnownFileType = file; name = SFPRODISPLAYREGULAR.OTF; path = "../../MobvenYoungTalent/1. Homework/sf-pro-display-cufonfonts/SFPRODISPLAYREGULAR.OTF"; sourceTree = "<group>"; };
		4581CD522A3F1E040059FBC6 /* SFPRODISPLAYSEMIBOLDITALIC.OTF */ = {isa = PBXFileReference; lastKnownFileType = file; name = SFPRODISPLAYSEMIBOLDITALIC.OTF; path = "../../MobvenYoungTalent/1. Homework/sf-pro-display-cufonfonts/SFPRODISPLAYSEMIBOLDITALIC.OTF"; sourceTree = "<group>"; };
		4581CD532A3F1E040059FBC6 /* SFPRODISPLAYBOLD.OTF */ = {isa = PBXFileReference; lastKnownFileType = file; name = SFPRODISPLAYBOLD.OTF; path = "../../MobvenYoungTalent/1. Homework/sf-pro-display-cufonfonts/SFPRODISPLAYBOLD.OTF"; sourceTree = "<group>"; };
		4581CD542A3F1E050059FBC6 /* SFPRODISPLAYMEDIUM.OTF */ = {isa = PBXFileReference; lastKnownFileType = file; name = SFPRODISPLAYMEDIUM.OTF; path = "../../MobvenYoungTalent/1. Homework/sf-pro-display-cufonfonts/SFPRODISPLAYMEDIUM.OTF"; sourceTree = "<group>"; };
		4581CD592A3F1E1B0059FBC6 /* Info.plist */ = {isa = PBXFileReference; lastKnownFileType = text.plist; path = Info.plist; sourceTree = "<group>"; };
/* End PBXFileReference section */

/* Begin PBXFrameworksBuildPhase section */
		4581CD1F2A3F1DAB0059FBC6 /* Frameworks */ = {
			isa = PBXFrameworksBuildPhase;
			buildActionMask = 2147483647;
			files = (
			);
			runOnlyForDeploymentPostprocessing = 0;
		};
		4581CD302A3F1DAE0059FBC6 /* Frameworks */ = {
			isa = PBXFrameworksBuildPhase;
			buildActionMask = 2147483647;
			files = (
			);
			runOnlyForDeploymentPostprocessing = 0;
		};
		4581CD3A2A3F1DAE0059FBC6 /* Frameworks */ = {
			isa = PBXFrameworksBuildPhase;
			buildActionMask = 2147483647;
			files = (
			);
			runOnlyForDeploymentPostprocessing = 0;
		};
/* End PBXFrameworksBuildPhase section */

/* Begin PBXGroup section */
		4581CD192A3F1DAB0059FBC6 = {
			isa = PBXGroup;
			children = (
				4581CD502A3F1DE40059FBC6 /* Font */,
				4581CD242A3F1DAB0059FBC6 /* UIKitAutoLayout */,
				4581CD362A3F1DAE0059FBC6 /* UIKitAutoLayoutTests */,
				4581CD402A3F1DAE0059FBC6 /* UIKitAutoLayoutUITests */,
				4581CD232A3F1DAB0059FBC6 /* Products */,
			);
			sourceTree = "<group>";
		};
		4581CD232A3F1DAB0059FBC6 /* Products */ = {
			isa = PBXGroup;
			children = (
				4581CD222A3F1DAB0059FBC6 /* UIKitAutoLayout.app */,
				4581CD332A3F1DAE0059FBC6 /* UIKitAutoLayoutTests.xctest */,
				4581CD3D2A3F1DAE0059FBC6 /* UIKitAutoLayoutUITests.xctest */,
			);
			name = Products;
			sourceTree = "<group>";
		};
		4581CD242A3F1DAB0059FBC6 /* UIKitAutoLayout */ = {
			isa = PBXGroup;
			children = (
				4581CD592A3F1E1B0059FBC6 /* Info.plist */,
				4581CD252A3F1DAB0059FBC6 /* UIKitAutoLayoutApp.swift */,
				4581CD272A3F1DAB0059FBC6 /* ContentView.swift */,
				4581CD292A3F1DAE0059FBC6 /* Assets.xcassets */,
				4581CD2B2A3F1DAE0059FBC6 /* UIKitAutoLayout.entitlements */,
				4581CD2C2A3F1DAE0059FBC6 /* Preview Content */,
			);
			path = UIKitAutoLayout;
			sourceTree = "<group>";
		};
		4581CD2C2A3F1DAE0059FBC6 /* Preview Content */ = {
			isa = PBXGroup;
			children = (
				4581CD2D2A3F1DAE0059FBC6 /* Preview Assets.xcassets */,
			);
			path = "Preview Content";
			sourceTree = "<group>";
		};
		4581CD362A3F1DAE0059FBC6 /* UIKitAutoLayoutTests */ = {
			isa = PBXGroup;
			children = (
				4581CD372A3F1DAE0059FBC6 /* UIKitAutoLayoutTests.swift */,
			);
			path = UIKitAutoLayoutTests;
			sourceTree = "<group>";
		};
		4581CD402A3F1DAE0059FBC6 /* UIKitAutoLayoutUITests */ = {
			isa = PBXGroup;
			children = (
				4581CD412A3F1DAE0059FBC6 /* UIKitAutoLayoutUITests.swift */,
				4581CD432A3F1DAE0059FBC6 /* UIKitAutoLayoutUITestsLaunchTests.swift */,
			);
			path = UIKitAutoLayoutUITests;
			sourceTree = "<group>";
		};
		4581CD502A3F1DE40059FBC6 /* Font */ = {
			isa = PBXGroup;
			children = (
				4581CD532A3F1E040059FBC6 /* SFPRODISPLAYBOLD.OTF */,
				4581CD542A3F1E050059FBC6 /* SFPRODISPLAYMEDIUM.OTF */,
				4581CD512A3F1E030059FBC6 /* SFPRODISPLAYREGULAR.OTF */,
				4581CD522A3F1E040059FBC6 /* SFPRODISPLAYSEMIBOLDITALIC.OTF */,
			);
			path = Font;
			sourceTree = "<group>";
		};
/* End PBXGroup section */

/* Begin PBXNativeTarget section */
		4581CD212A3F1DAB0059FBC6 /* UIKitAutoLayout */ = {
			isa = PBXNativeTarget;
			buildConfigurationList = 4581CD472A3F1DAE0059FBC6 /* Build configuration list for PBXNativeTarget "UIKitAutoLayout" */;
			buildPhases = (
				4581CD1E2A3F1DAB0059FBC6 /* Sources */,
				4581CD1F2A3F1DAB0059FBC6 /* Frameworks */,
				4581CD202A3F1DAB0059FBC6 /* Resources */,
			);
			buildRules = (
			);
			dependencies = (
			);
			name = UIKitAutoLayout;
			productName = UIKitAutoLayout;
			productReference = 4581CD222A3F1DAB0059FBC6 /* UIKitAutoLayout.app */;
			productType = "com.apple.product-type.application";
		};
		4581CD322A3F1DAE0059FBC6 /* UIKitAutoLayoutTests */ = {
			isa = PBXNativeTarget;
			buildConfigurationList = 4581CD4A2A3F1DAE0059FBC6 /* Build configuration list for PBXNativeTarget "UIKitAutoLayoutTests" */;
			buildPhases = (
				4581CD2F2A3F1DAE0059FBC6 /* Sources */,
				4581CD302A3F1DAE0059FBC6 /* Frameworks */,
				4581CD312A3F1DAE0059FBC6 /* Resources */,
			);
			buildRules = (
			);
			dependencies = (
				4581CD352A3F1DAE0059FBC6 /* PBXTargetDependency */,
			);
			name = UIKitAutoLayoutTests;
			productName = UIKitAutoLayoutTests;
			productReference = 4581CD332A3F1DAE0059FBC6 /* UIKitAutoLayoutTests.xctest */;
			productType = "com.apple.product-type.bundle.unit-test";
		};
		4581CD3C2A3F1DAE0059FBC6 /* UIKitAutoLayoutUITests */ = {
			isa = PBXNativeTarget;
			buildConfigurationList = 4581CD4D2A3F1DAE0059FBC6 /* Build configuration list for PBXNativeTarget "UIKitAutoLayoutUITests" */;
			buildPhases = (
				4581CD392A3F1DAE0059FBC6 /* Sources */,
				4581CD3A2A3F1DAE0059FBC6 /* Frameworks */,
				4581CD3B2A3F1DAE0059FBC6 /* Resources */,
			);
			buildRules = (
			);
			dependencies = (
				4581CD3F2A3F1DAE0059FBC6 /* PBXTargetDependency */,
			);
			name = UIKitAutoLayoutUITests;
			productName = UIKitAutoLayoutUITests;
			productReference = 4581CD3D2A3F1DAE0059FBC6 /* UIKitAutoLayoutUITests.xctest */;
			productType = "com.apple.product-type.bundle.ui-testing";
		};
/* End PBXNativeTarget section */

/* Begin PBXProject section */
		4581CD1A2A3F1DAB0059FBC6 /* Project object */ = {
			isa = PBXProject;
			attributes = {
				BuildIndependentTargetsInParallel = 1;
				LastSwiftUpdateCheck = 1430;
				LastUpgradeCheck = 1430;
				TargetAttributes = {
					4581CD212A3F1DAB0059FBC6 = {
						CreatedOnToolsVersion = 14.3.1;
					};
					4581CD322A3F1DAE0059FBC6 = {
						CreatedOnToolsVersion = 14.3.1;
						TestTargetID = 4581CD212A3F1DAB0059FBC6;
					};
					4581CD3C2A3F1DAE0059FBC6 = {
						CreatedOnToolsVersion = 14.3.1;
						TestTargetID = 4581CD212A3F1DAB0059FBC6;
					};
				};
			};
			buildConfigurationList = 4581CD1D2A3F1DAB0059FBC6 /* Build configuration list for PBXProject "UIKitAutoLayout" */;
			compatibilityVersion = "Xcode 14.0";
			developmentRegion = en;
			hasScannedForEncodings = 0;
			knownRegions = (
				en,
				Base,
			);
			mainGroup = 4581CD192A3F1DAB0059FBC6;
			productRefGroup = 4581CD232A3F1DAB0059FBC6 /* Products */;
			projectDirPath = "";
			projectRoot = "";
			targets = (
				4581CD212A3F1DAB0059FBC6 /* UIKitAutoLayout */,
				4581CD322A3F1DAE0059FBC6 /* UIKitAutoLayoutTests */,
				4581CD3C2A3F1DAE0059FBC6 /* UIKitAutoLayoutUITests */,
			);
		};
/* End PBXProject section */

/* Begin PBXResourcesBuildPhase section */
		4581CD202A3F1DAB0059FBC6 /* Resources */ = {
			isa = PBXResourcesBuildPhase;
			buildActionMask = 2147483647;
			files = (
				4581CD582A3F1E050059FBC6 /* SFPRODISPLAYMEDIUM.OTF in Resources */,
				4581CD2E2A3F1DAE0059FBC6 /* Preview Assets.xcassets in Resources */,
				4581CD552A3F1E050059FBC6 /* SFPRODISPLAYREGULAR.OTF in Resources */,
				4581CD562A3F1E050059FBC6 /* SFPRODISPLAYSEMIBOLDITALIC.OTF in Resources */,
				4581CD572A3F1E050059FBC6 /* SFPRODISPLAYBOLD.OTF in Resources */,
				4581CD2A2A3F1DAE0059FBC6 /* Assets.xcassets in Resources */,
			);
			runOnlyForDeploymentPostprocessing = 0;
		};
		4581CD312A3F1DAE0059FBC6 /* Resources */ = {
			isa = PBXResourcesBuildPhase;
			buildActionMask = 2147483647;
			files = (
			);
			runOnlyForDeploymentPostprocessing = 0;
		};
		4581CD3B2A3F1DAE0059FBC6 /* Resources */ = {
			isa = PBXResourcesBuildPhase;
			buildActionMask = 2147483647;
			files = (
			);
			runOnlyForDeploymentPostprocessing = 0;
		};
/* End PBXResourcesBuildPhase section */

/* Begin PBXSourcesBuildPhase section */
		4581CD1E2A3F1DAB0059FBC6 /* Sources */ = {
			isa = PBXSourcesBuildPhase;
			buildActionMask = 2147483647;
			files = (
				4581CD282A3F1DAB0059FBC6 /* ContentView.swift in Sources */,
				4581CD262A3F1DAB0059FBC6 /* UIKitAutoLayoutApp.swift in Sources */,
			);
			runOnlyForDeploymentPostprocessing = 0;
		};
		4581CD2F2A3F1DAE0059FBC6 /* Sources */ = {
			isa = PBXSourcesBuildPhase;
			buildActionMask = 2147483647;
			files = (
				4581CD382A3F1DAE0059FBC6 /* UIKitAutoLayoutTests.swift in Sources */,
			);
			runOnlyForDeploymentPostprocessing = 0;
		};
		4581CD392A3F1DAE0059FBC6 /* Sources */ = {
			isa = PBXSourcesBuildPhase;
			buildActionMask = 2147483647;
			files = (
				4581CD442A3F1DAE0059FBC6 /* UIKitAutoLayoutUITestsLaunchTests.swift in Sources */,
				4581CD422A3F1DAE0059FBC6 /* UIKitAutoLayoutUITests.swift in Sources */,
			);
			runOnlyForDeploymentPostprocessing = 0;
		};
/* End PBXSourcesBuildPhase section */

/* Begin PBXTargetDependency section */
		4581CD352A3F1DAE0059FBC6 /* PBXTargetDependency */ = {
			isa = PBXTargetDependency;
			target = 4581CD212A3F1DAB0059FBC6 /* UIKitAutoLayout */;
			targetProxy = 4581CD342A3F1DAE0059FBC6 /* PBXContainerItemProxy */;
		};
		4581CD3F2A3F1DAE0059FBC6 /* PBXTargetDependency */ = {
			isa = PBXTargetDependency;
			target = 4581CD212A3F1DAB0059FBC6 /* UIKitAutoLayout */;
			targetProxy = 4581CD3E2A3F1DAE0059FBC6 /* PBXContainerItemProxy */;
		};
/* End PBXTargetDependency section */

/* Begin XCBuildConfiguration section */
		4581CD452A3F1DAE0059FBC6 /* Debug */ = {
			isa = XCBuildConfiguration;
			buildSettings = {
				ALWAYS_SEARCH_USER_PATHS = NO;
				CLANG_ANALYZER_NONNULL = YES;
				CLANG_ANALYZER_NUMBER_OBJECT_CONVERSION = YES_AGGRESSIVE;
				CLANG_CXX_LANGUAGE_STANDARD = "gnu++20";
				CLANG_ENABLE_MODULES = YES;
				CLANG_ENABLE_OBJC_ARC = YES;
				CLANG_ENABLE_OBJC_WEAK = YES;
				CLANG_WARN_BLOCK_CAPTURE_AUTORELEASING = YES;
				CLANG_WARN_BOOL_CONVERSION = YES;
				CLANG_WARN_COMMA = YES;
				CLANG_WARN_CONSTANT_CONVERSION = YES;
				CLANG_WARN_DEPRECATED_OBJC_IMPLEMENTATIONS = YES;
				CLANG_WARN_DIRECT_OBJC_ISA_USAGE = YES_ERROR;
				CLANG_WARN_DOCUMENTATION_COMMENTS = YES;
				CLANG_WARN_EMPTY_BODY = YES;
				CLANG_WARN_ENUM_CONVERSION = YES;
				CLANG_WARN_INFINITE_RECURSION = YES;
				CLANG_WARN_INT_CONVERSION = YES;
				CLANG_WARN_NON_LITERAL_NULL_CONVERSION = YES;
				CLANG_WARN_OBJC_IMPLICIT_RETAIN_SELF = YES;
				CLANG_WARN_OBJC_LITERAL_CONVERSION = YES;
				CLANG_WARN_OBJC_ROOT_CLASS = YES_ERROR;
				CLANG_WARN_QUOTED_INCLUDE_IN_FRAMEWORK_HEADER = YES;
				CLANG_WARN_RANGE_LOOP_ANALYSIS = YES;
				CLANG_WARN_STRICT_PROTOTYPES = YES;
				CLANG_WARN_SUSPICIOUS_MOVE = YES;
				CLANG_WARN_UNGUARDED_AVAILABILITY = YES_AGGRESSIVE;
				CLANG_WARN_UNREACHABLE_CODE = YES;
				CLANG_WARN__DUPLICATE_METHOD_MATCH = YES;
				COPY_PHASE_STRIP = NO;
				DEBUG_INFORMATION_FORMAT = dwarf;
				ENABLE_STRICT_OBJC_MSGSEND = YES;
				ENABLE_TESTABILITY = YES;
				GCC_C_LANGUAGE_STANDARD = gnu11;
				GCC_DYNAMIC_NO_PIC = NO;
				GCC_NO_COMMON_BLOCKS = YES;
				GCC_OPTIMIZATION_LEVEL = 0;
				GCC_PREPROCESSOR_DEFINITIONS = (
					"DEBUG=1",
					"$(inherited)",
				);
				GCC_WARN_64_TO_32_BIT_CONVERSION = YES;
				GCC_WARN_ABOUT_RETURN_TYPE = YES_ERROR;
				GCC_WARN_UNDECLARED_SELECTOR = YES;
				GCC_WARN_UNINITIALIZED_AUTOS = YES_AGGRESSIVE;
				GCC_WARN_UNUSED_FUNCTION = YES;
				GCC_WARN_UNUSED_VARIABLE = YES;
				MTL_ENABLE_DEBUG_INFO = INCLUDE_SOURCE;
				MTL_FAST_MATH = YES;
				ONLY_ACTIVE_ARCH = YES;
				SWIFT_ACTIVE_COMPILATION_CONDITIONS = DEBUG;
				SWIFT_OPTIMIZATION_LEVEL = "-Onone";
			};
			name = Debug;
		};
		4581CD462A3F1DAE0059FBC6 /* Release */ = {
			isa = XCBuildConfiguration;
			buildSettings = {
				ALWAYS_SEARCH_USER_PATHS = NO;
				CLANG_ANALYZER_NONNULL = YES;
				CLANG_ANALYZER_NUMBER_OBJECT_CONVERSION = YES_AGGRESSIVE;
				CLANG_CXX_LANGUAGE_STANDARD = "gnu++20";
				CLANG_ENABLE_MODULES = YES;
				CLANG_ENABLE_OBJC_ARC = YES;
				CLANG_ENABLE_OBJC_WEAK = YES;
				CLANG_WARN_BLOCK_CAPTURE_AUTORELEASING = YES;
				CLANG_WARN_BOOL_CONVERSION = YES;
				CLANG_WARN_COMMA = YES;
				CLANG_WARN_CONSTANT_CONVERSION = YES;
				CLANG_WARN_DEPRECATED_OBJC_IMPLEMENTATIONS = YES;
				CLANG_WARN_DIRECT_OBJC_ISA_USAGE = YES_ERROR;
				CLANG_WARN_DOCUMENTATION_COMMENTS = YES;
				CLANG_WARN_EMPTY_BODY = YES;
				CLANG_WARN_ENUM_CONVERSION = YES;
				CLANG_WARN_INFINITE_RECURSION = YES;
				CLANG_WARN_INT_CONVERSION = YES;
				CLANG_WARN_NON_LITERAL_NULL_CONVERSION = YES;
				CLANG_WARN_OBJC_IMPLICIT_RETAIN_SELF = YES;
				CLANG_WARN_OBJC_LITERAL_CONVERSION = YES;
				CLANG_WARN_OBJC_ROOT_CLASS = YES_ERROR;
				CLANG_WARN_QUOTED_INCLUDE_IN_FRAMEWORK_HEADER = YES;
				CLANG_WARN_RANGE_LOOP_ANALYSIS = YES;
				CLANG_WARN_STRICT_PROTOTYPES = YES;
				CLANG_WARN_SUSPICIOUS_MOVE = YES;
				CLANG_WARN_UNGUARDED_AVAILABILITY = YES_AGGRESSIVE;
				CLANG_WARN_UNREACHABLE_CODE = YES;
				CLANG_WARN__DUPLICATE_METHOD_MATCH = YES;
				COPY_PHASE_STRIP = NO;
				DEBUG_INFORMATION_FORMAT = "dwarf-with-dsym";
				ENABLE_NS_ASSERTIONS = NO;
				ENABLE_STRICT_OBJC_MSGSEND = YES;
				GCC_C_LANGUAGE_STANDARD = gnu11;
				GCC_NO_COMMON_BLOCKS = YES;
				GCC_WARN_64_TO_32_BIT_CONVERSION = YES;
				GCC_WARN_ABOUT_RETURN_TYPE = YES_ERROR;
				GCC_WARN_UNDECLARED_SELECTOR = YES;
				GCC_WARN_UNINITIALIZED_AUTOS = YES_AGGRESSIVE;
				GCC_WARN_UNUSED_FUNCTION = YES;
				GCC_WARN_UNUSED_VARIABLE = YES;
				MTL_ENABLE_DEBUG_INFO = NO;
				MTL_FAST_MATH = YES;
				SWIFT_COMPILATION_MODE = wholemodule;
				SWIFT_OPTIMIZATION_LEVEL = "-O";
			};
			name = Release;
		};
		4581CD482A3F1DAE0059FBC6 /* Debug */ = {
			isa = XCBuildConfiguration;
			buildSettings = {
				ASSETCATALOG_COMPILER_APPICON_NAME = AppIcon;
				ASSETCATALOG_COMPILER_GLOBAL_ACCENT_COLOR_NAME = AccentColor;
				CODE_SIGN_ENTITLEMENTS = UIKitAutoLayout/UIKitAutoLayout.entitlements;
				CODE_SIGN_STYLE = Automatic;
				CURRENT_PROJECT_VERSION = 1;
				DEVELOPMENT_ASSET_PATHS = "\"UIKitAutoLayout/Preview Content\"";
				DEVELOPMENT_TEAM = WXN9RGJ3XJ;
				ENABLE_HARDENED_RUNTIME = YES;
				ENABLE_PREVIEWS = YES;
				GENERATE_INFOPLIST_FILE = YES;
				INFOPLIST_FILE = UIKitAutoLayout/Info.plist;
				"INFOPLIST_KEY_UIApplicationSceneManifest_Generation[sdk=iphoneos*]" = YES;
				"INFOPLIST_KEY_UIApplicationSceneManifest_Generation[sdk=iphonesimulator*]" = YES;
				"INFOPLIST_KEY_UIApplicationSupportsIndirectInputEvents[sdk=iphoneos*]" = YES;
				"INFOPLIST_KEY_UIApplicationSupportsIndirectInputEvents[sdk=iphonesimulator*]" = YES;
				"INFOPLIST_KEY_UILaunchScreen_Generation[sdk=iphoneos*]" = YES;
				"INFOPLIST_KEY_UILaunchScreen_Generation[sdk=iphonesimulator*]" = YES;
				"INFOPLIST_KEY_UIStatusBarStyle[sdk=iphoneos*]" = UIStatusBarStyleDefault;
				"INFOPLIST_KEY_UIStatusBarStyle[sdk=iphonesimulator*]" = UIStatusBarStyleDefault;
				INFOPLIST_KEY_UISupportedInterfaceOrientations_iPad = "UIInterfaceOrientationPortrait UIInterfaceOrientationPortraitUpsideDown UIInterfaceOrientationLandscapeLeft UIInterfaceOrientationLandscapeRight";
				INFOPLIST_KEY_UISupportedInterfaceOrientations_iPhone = "UIInterfaceOrientationPortrait UIInterfaceOrientationLandscapeLeft UIInterfaceOrientationLandscapeRight";
				IPHONEOS_DEPLOYMENT_TARGET = 16.4;
				LD_RUNPATH_SEARCH_PATHS = "@executable_path/Frameworks";
				"LD_RUNPATH_SEARCH_PATHS[sdk=macosx*]" = "@executable_path/../Frameworks";
				MACOSX_DEPLOYMENT_TARGET = 13.3;
				MARKETING_VERSION = 1.0;
				PRODUCT_BUNDLE_IDENTIFIER = com.ozzy.UIKitAutoLayout;
				PRODUCT_NAME = "$(TARGET_NAME)";
				SDKROOT = auto;
				SUPPORTED_PLATFORMS = "iphoneos iphonesimulator macosx";
				SWIFT_EMIT_LOC_STRINGS = YES;
				SWIFT_VERSION = 5.0;
				TARGETED_DEVICE_FAMILY = "1,2";
			};
			name = Debug;
		};
		4581CD492A3F1DAE0059FBC6 /* Release */ = {
			isa = XCBuildConfiguration;
			buildSettings = {
				ASSETCATALOG_COMPILER_APPICON_NAME = AppIcon;
				ASSETCATALOG_COMPILER_GLOBAL_ACCENT_COLOR_NAME = AccentColor;
				CODE_SIGN_ENTITLEMENTS = UIKitAutoLayout/UIKitAutoLayout.entitlements;
				CODE_SIGN_STYLE = Automatic;
				CURRENT_PROJECT_VERSION = 1;
				DEVELOPMENT_ASSET_PATHS = "\"UIKitAutoLayout/Preview Content\"";
				DEVELOPMENT_TEAM = WXN9RGJ3XJ;
				ENABLE_HARDENED_RUNTIME = YES;
				ENABLE_PREVIEWS = YES;
				GENERATE_INFOPLIST_FILE = YES;
				INFOPLIST_FILE = UIKitAutoLayout/Info.plist;
				"INFOPLIST_KEY_UIApplicationSceneManifest_Generation[sdk=iphoneos*]" = YES;
				"INFOPLIST_KEY_UIApplicationSceneManifest_Generation[sdk=iphonesimulator*]" = YES;
				"INFOPLIST_KEY_UIApplicationSupportsIndirectInputEvents[sdk=iphoneos*]" = YES;
				"INFOPLIST_KEY_UIApplicationSupportsIndirectInputEvents[sdk=iphonesimulator*]" = YES;
				"INFOPLIST_KEY_UILaunchScreen_Generation[sdk=iphoneos*]" = YES;
				"INFOPLIST_KEY_UILaunchScreen_Generation[sdk=iphonesimulator*]" = YES;
				"INFOPLIST_KEY_UIStatusBarStyle[sdk=iphoneos*]" = UIStatusBarStyleDefault;
				"INFOPLIST_KEY_UIStatusBarStyle[sdk=iphonesimulator*]" = UIStatusBarStyleDefault;
				INFOPLIST_KEY_UISupportedInterfaceOrientations_iPad = "UIInterfaceOrientationPortrait UIInterfaceOrientationPortraitUpsideDown UIInterfaceOrientationLandscapeLeft UIInterfaceOrientationLandscapeRight";
				INFOPLIST_KEY_UISupportedInterfaceOrientations_iPhone = "UIInterfaceOrientationPortrait UIInterfaceOrientationLandscapeLeft UIInterfaceOrientationLandscapeRight";
				IPHONEOS_DEPLOYMENT_TARGET = 16.4;
				LD_RUNPATH_SEARCH_PATHS = "@executable_path/Frameworks";
				"LD_RUNPATH_SEARCH_PATHS[sdk=macosx*]" = "@executable_path/../Frameworks";
				MACOSX_DEPLOYMENT_TARGET = 13.3;
				MARKETING_VERSION = 1.0;
				PRODUCT_BUNDLE_IDENTIFIER = com.ozzy.UIKitAutoLayout;
				PRODUCT_NAME = "$(TARGET_NAME)";
				SDKROOT = auto;
				SUPPORTED_PLATFORMS = "iphoneos iphonesimulator macosx";
				SWIFT_EMIT_LOC_STRINGS = YES;
				SWIFT_VERSION = 5.0;
				TARGETED_DEVICE_FAMILY = "1,2";
			};
			name = Release;
		};
		4581CD4B2A3F1DAE0059FBC6 /* Debug */ = {
			isa = XCBuildConfiguration;
			buildSettings = {
				ALWAYS_EMBED_SWIFT_STANDARD_LIBRARIES = YES;
				BUNDLE_LOADER = "$(TEST_HOST)";
				CODE_SIGN_STYLE = Automatic;
				CURRENT_PROJECT_VERSION = 1;
				DEVELOPMENT_TEAM = WXN9RGJ3XJ;
				GENERATE_INFOPLIST_FILE = YES;
				IPHONEOS_DEPLOYMENT_TARGET = 16.4;
				MACOSX_DEPLOYMENT_TARGET = 13.3;
				MARKETING_VERSION = 1.0;
				PRODUCT_BUNDLE_IDENTIFIER = com.ozzy.UIKitAutoLayoutTests;
				PRODUCT_NAME = "$(TARGET_NAME)";
				SDKROOT = auto;
				SUPPORTED_PLATFORMS = "iphoneos iphonesimulator macosx";
				SWIFT_EMIT_LOC_STRINGS = NO;
				SWIFT_VERSION = 5.0;
				TARGETED_DEVICE_FAMILY = "1,2";
				TEST_HOST = "$(BUILT_PRODUCTS_DIR)/UIKitAutoLayout.app/$(BUNDLE_EXECUTABLE_FOLDER_PATH)/UIKitAutoLayout";
			};
			name = Debug;
		};
		4581CD4C2A3F1DAE0059FBC6 /* Release */ = {
			isa = XCBuildConfiguration;
			buildSettings = {
				ALWAYS_EMBED_SWIFT_STANDARD_LIBRARIES = YES;
				BUNDLE_LOADER = "$(TEST_HOST)";
				CODE_SIGN_STYLE = Automatic;
				CURRENT_PROJECT_VERSION = 1;
				DEVELOPMENT_TEAM = WXN9RGJ3XJ;
				GENERATE_INFOPLIST_FILE = YES;
				IPHONEOS_DEPLOYMENT_TARGET = 16.4;
				MACOSX_DEPLOYMENT_TARGET = 13.3;
				MARKETING_VERSION = 1.0;
				PRODUCT_BUNDLE_IDENTIFIER = com.ozzy.UIKitAutoLayoutTests;
				PRODUCT_NAME = "$(TARGET_NAME)";
				SDKROOT = auto;
				SUPPORTED_PLATFORMS = "iphoneos iphonesimulator macosx";
				SWIFT_EMIT_LOC_STRINGS = NO;
				SWIFT_VERSION = 5.0;
				TARGETED_DEVICE_FAMILY = "1,2";
				TEST_HOST = "$(BUILT_PRODUCTS_DIR)/UIKitAutoLayout.app/$(BUNDLE_EXECUTABLE_FOLDER_PATH)/UIKitAutoLayout";
			};
			name = Release;
		};
		4581CD4E2A3F1DAE0059FBC6 /* Debug */ = {
			isa = XCBuildConfiguration;
			buildSettings = {
				ALWAYS_EMBED_SWIFT_STANDARD_LIBRARIES = YES;
				CODE_SIGN_STYLE = Automatic;
				CURRENT_PROJECT_VERSION = 1;
				DEVELOPMENT_TEAM = WXN9RGJ3XJ;
				GENERATE_INFOPLIST_FILE = YES;
				IPHONEOS_DEPLOYMENT_TARGET = 16.4;
				MACOSX_DEPLOYMENT_TARGET = 13.3;
				MARKETING_VERSION = 1.0;
				PRODUCT_BUNDLE_IDENTIFIER = com.ozzy.UIKitAutoLayoutUITests;
				PRODUCT_NAME = "$(TARGET_NAME)";
				SDKROOT = auto;
				SUPPORTED_PLATFORMS = "iphoneos iphonesimulator macosx";
				SWIFT_EMIT_LOC_STRINGS = NO;
				SWIFT_VERSION = 5.0;
				TARGETED_DEVICE_FAMILY = "1,2";
				TEST_TARGET_NAME = UIKitAutoLayout;
			};
			name = Debug;
		};
		4581CD4F2A3F1DAE0059FBC6 /* Release */ = {
			isa = XCBuildConfiguration;
			buildSettings = {
				ALWAYS_EMBED_SWIFT_STANDARD_LIBRARIES = YES;
				CODE_SIGN_STYLE = Automatic;
				CURRENT_PROJECT_VERSION = 1;
				DEVELOPMENT_TEAM = WXN9RGJ3XJ;
				GENERATE_INFOPLIST_FILE = YES;
				IPHONEOS_DEPLOYMENT_TARGET = 16.4;
				MACOSX_DEPLOYMENT_TARGET = 13.3;
				MARKETING_VERSION = 1.0;
				PRODUCT_BUNDLE_IDENTIFIER = com.ozzy.UIKitAutoLayoutUITests;
				PRODUCT_NAME = "$(TARGET_NAME)";
				SDKROOT = auto;
				SUPPORTED_PLATFORMS = "iphoneos iphonesimulator macosx";
				SWIFT_EMIT_LOC_STRINGS = NO;
				SWIFT_VERSION = 5.0;
				TARGETED_DEVICE_FAMILY = "1,2";
				TEST_TARGET_NAME = UIKitAutoLayout;
			};
			name = Release;
		};
/* End XCBuildConfiguration section */

/* Begin XCConfigurationList section */
		4581CD1D2A3F1DAB0059FBC6 /* Build configuration list for PBXProject "UIKitAutoLayout" */ = {
			isa = XCConfigurationList;
			buildConfigurations = (
				4581CD452A3F1DAE0059FBC6 /* Debug */,
				4581CD462A3F1DAE0059FBC6 /* Release */,
			);
			defaultConfigurationIsVisible = 0;
			defaultConfigurationName = Release;
		};
		4581CD472A3F1DAE0059FBC6 /* Build configuration list for PBXNativeTarget "UIKitAutoLayout" */ = {
			isa = XCConfigurationList;
			buildConfigurations = (
				4581CD482A3F1DAE0059FBC6 /* Debug */,
				4581CD492A3F1DAE0059FBC6 /* Release */,
			);
			defaultConfigurationIsVisible = 0;
			defaultConfigurationName = Release;
		};
		4581CD4A2A3F1DAE0059FBC6 /* Build configuration list for PBXNativeTarget "UIKitAutoLayoutTests" */ = {
			isa = XCConfigurationList;
			buildConfigurations = (
				4581CD4B2A3F1DAE0059FBC6 /* Debug */,
				4581CD4C2A3F1DAE0059FBC6 /* Release */,
			);
			defaultConfigurationIsVisible = 0;
			defaultConfigurationName = Release;
		};
		4581CD4D2A3F1DAE0059FBC6 /* Build configuration list for PBXNativeTarget "UIKitAutoLayoutUITests" */ = {
			isa = XCConfigurationList;
			buildConfigurations = (
				4581CD4E2A3F1DAE0059FBC6 /* Debug */,
				4581CD4F2A3F1DAE0059FBC6 /* Release */,
			);
			defaultConfigurationIsVisible = 0;
			defaultConfigurationName = Release;
		};
/* End XCConfigurationList section */
	};
	rootObject = 4581CD1A2A3F1DAB0059FBC6 /* Project object */;
}
